{
  "lockfileVersion": 1,
  "workspaces": {
    "": {
      "name": "demo-sr9-dex-e2e",
      "dependencies": {
        "@dfinity/agent": "^3.4.3",
        "@dfinity/candid": "^2.0.0",
        "@dfinity/pic": "^0.18.0",
        "@dfinity/principal": "^2.0.0",
        "@icp-sdk/core": "^5.4.0",
      },
      "devDependencies": {
        "@types/bun": "latest",
        "typescript": "^6.0.3",
        "wabt": "^1.0.39",
      },
    },
  },
  "trustedDependencies": [
    "@dfinity/pic",
  ],
  "packages": {
    "@dfinity/agent": ["@dfinity/agent@3.4.3", "", { "dependencies": { "@dfinity/cbor": "^0.2.2", "@noble/curves": "^1.9.2" }, "peerDependencies": { "@dfinity/candid": "3.4.3", "@dfinity/principal": "3.4.3", "@noble/hashes": "^1.8.0" } }, "sha512-qOJqvZdMzncbbYX3eUjlAqvP66DQuOQgBFQE06yzI3m/lVXnefxvY7wE9Y1Sb2wjVIQs6W2rfjixnn4EEjHAZg=="],

    "@dfinity/candid": ["@dfinity/candid@2.4.1", "", { "peerDependencies": { "@dfinity/principal": "^2.4.1" } }, "sha512-kOaIKfhR2PYN8vD4M0Pc4s/7wb1nKjlTJUw+5E9jh26T03fITIZmaafIuwlX+wmdxwIT9Xoy7PlsxOEpzv203A=="],

    "@dfinity/cbor": ["@dfinity/cbor@0.2.3", "", {}, "sha512-5GX+9tAf29r94Pxv8nCzrv2/t+AkOfem/c/G61+FA2Wadq7THvc5cvr/AVLH0LpukVfNSWRRHvl1fkCdiB9MMQ=="],

    "@dfinity/pic": ["@dfinity/pic@0.18.0", "", { "dependencies": { "@icp-sdk/core": "^5.0.0", "bip39": "^3.1.0", "json-with-bigint": "3.4.4" } }, "sha512-F96vk1Y6qiSiwJ84ZM5t3QtQUSumYr3MvYnoJ4Yih6eSMxt3ry45sw+QhegtKHsdVonEoPUnhmeEfzOJZiKDOw=="],

    "@dfinity/principal": ["@dfinity/principal@2.4.1", "", { "dependencies": { "@noble/hashes": "^1.3.1" } }, "sha512-Cz6XQVOwq0TXDBClPbcidDd4SqK1lfr1/Kn34ruDD13xVQ4iaP1iCntzS9O97+vGpY/6jwDtKd32Gn5YJ9BQNw=="],

    "@icp-sdk/core": ["@icp-sdk/core@5.4.0", "", { "dependencies": { "@dfinity/cbor": "^0.2.3", "@noble/curves": "^1.9.7", "@noble/hashes": "^1.8.0", "@scure/bip32": "^1.7.0", "@scure/bip39": "^1.6.0", "asn1js": "^3.0.7" } }, "sha512-yedhCkHIhCxI65W8id99Mi8fUgSyqKSTbD57AphquNcFV2/3Rjykng0/6H08mHswKydDcv6Y0+e8aPdrznewCw=="],

    "@noble/curves": ["@noble/curves@1.9.7", "", { "dependencies": { "@noble/hashes": "1.8.0" } }, "sha512-gbKGcRUYIjA3/zCCNaWDciTMFI0dCkvou3TL8Zmy5Nc7sJ47a0jtOeZoTaMxkuqRo9cRhjOdZJXegxYE5FN/xw=="],

    "@noble/hashes": ["@noble/hashes@1.8.0", "", {}, "sha512-jCs9ldd7NwzpgXDIf6P3+NrHh9/sD6CQdxHyjQI+h/6rDNo88ypBxxz45UDuZHz9r3tNz7N/VInSVoVdtXEI4A=="],

    "@scure/base": ["@scure/base@1.2.6", "", {}, "sha512-g/nm5FgUa//MCj1gV09zTJTaM6KBAHqLN907YVQqf7zC49+DcO4B1so4ZX07Ef10Twr6nuqYEH9GEggFXA4Fmg=="],

    "@scure/bip32": ["@scure/bip32@1.7.0", "", { "dependencies": { "@noble/curves": "~1.9.0", "@noble/hashes": "~1.8.0", "@scure/base": "~1.2.5" } }, "sha512-E4FFX/N3f4B80AKWp5dP6ow+flD1LQZo/w8UnLGYZO674jS6YnYeepycOOksv+vLPSpgN35wgKgy+ybfTb2SMw=="],

    "@scure/bip39": ["@scure/bip39@1.6.0", "", { "dependencies": { "@noble/hashes": "~1.8.0", "@scure/base": "~1.2.5" } }, "sha512-+lF0BbLiJNwVlev4eKelw1WWLaiKXw7sSl8T6FvBlWkdX+94aGJ4o8XjUdlyhTCjd8c+B3KT3JfS8P0bLRNU6A=="],

    "@types/bun": ["@types/bun@1.3.14", "", { "dependencies": { "bun-types": "1.3.14" } }, "sha512-h1hFqFVcvAvD9j9K7ZW7vd82aSA+rTdznZa+5bwvCwqSB1jmmfLcbIWhOLx1/+boy/xmjgCs/OMUL8hRJSmnPw=="],

    "@types/node": ["@types/node@25.9.0", "", { "dependencies": { "undici-types": ">=7.24.0 <7.24.7" } }, "sha512-AOQwYUNolgy3VosiRqXrACUXTN8nJUtPl7FJXMqZVyxiiCLhQuG3jXKvCS1ALr+Y2OmZhzzLVlYPEqJaiqkaJQ=="],

    "asn1js": ["asn1js@3.0.10", "", { "dependencies": { "pvtsutils": "^1.3.6", "pvutils": "^1.1.5", "tslib": "^2.8.1" } }, "sha512-S2s3aOytiKdFRdulw2qPE51MzjzVOisppcVv7jVFR+Kw0kxwvFrDcYA0h7Ndqbmj0HkMIXYWaoj7fli8kgx1eg=="],

    "bip39": ["bip39@3.1.0", "", { "dependencies": { "@noble/hashes": "^1.2.0" } }, "sha512-c9kiwdk45Do5GL0vJMe7tS95VjCii65mYAH7DfWl3uW8AVzXKQVUm64i3hzVybBDMp9r7j9iNxR85+ul8MdN/A=="],

    "bun-types": ["bun-types@1.3.14", "", { "dependencies": { "@types/node": "*" } }, "sha512-4N0ig0fEomHt5R0KCFWjovxow98rIoRwKolrYdCcknNwMekCXRnWEUvgu5soYV8QXtVsrUD8B95MBOZGPvr6KQ=="],

    "json-with-bigint": ["json-with-bigint@3.4.4", "", {}, "sha512-AhpYAAaZsPjU7smaBomDt1SOQshi9rEm6BlTbfVwsG1vNmeHKtEedJi62sHZzJTyKNtwzmNnrsd55kjwJ7054A=="],

    "pvtsutils": ["pvtsutils@1.3.6", "", { "dependencies": { "tslib": "^2.8.1" } }, "sha512-PLgQXQ6H2FWCaeRak8vvk1GW462lMxB5s3Jm673N82zI4vqtVUPuZdffdZbPDFRoU8kAhItWFtPCWiPpp4/EDg=="],

    "pvutils": ["pvutils@1.1.5", "", {}, "sha512-KTqnxsgGiQ6ZAzZCVlJH5eOjSnvlyEgx1m8bkRJfOhmGRqfo5KLvmAlACQkrjEtOQ4B7wF9TdSLIs9O90MX9xA=="],

    "tslib": ["tslib@2.8.1", "", {}, "sha512-oJFu94HQb+KVduSUQL7wnpmqnfmLsOA/nAh6b6EH0wCEoK0/mPeXU6c3wKDV83MkOuHPRHtSXKKU99IBazS/2w=="],

    "typescript": ["typescript@6.0.3", "", { "bin": { "tsc": "bin/tsc", "tsserver": "bin/tsserver" } }, "sha512-y2TvuxSZPDyQakkFRPZHKFm+KKVqIisdg9/CZwm9ftvKXLP8NRWj38/ODjNbr43SsoXqNuAisEf1GdCxqWcdBw=="],

    "undici-types": ["undici-types@7.24.6", "", {}, "sha512-WRNW+sJgj5OBN4/0JpHFqtqzhpbnV0GuB+OozA9gCL7a993SmU+1JBZCzLNxYsbMfIeDL+lTsphD5jN5N+n0zg=="],

    "wabt": ["wabt@1.0.39", "", { "bin": { "wasm2c": "bin/wasm2c", "wasm2wat": "bin/wasm2wat", "wat2wasm": "bin/wat2wasm", "wasm-stats": "bin/wasm-stats", "wasm-strip": "bin/wasm-strip", "wasm-interp": "bin/wasm-interp", "wasm-objdump": "bin/wasm-objdump", "wasm-validate": "bin/wasm-validate", "wasm-decompile": "bin/wasm-decompile" } }, "sha512-ba+dRL/75VQQY7RkU/CgriGbkoWAfS8TDyUlJfJhJ8KhtXgMl5dhNvoPNUcQ9IWRhW8u41glMSuZeTvsYq2rRg=="],
  }
}
